
Microsoft Visual Studio Solution File, Format Version 12.00
# Visual Studio 15
VisualStudioVersion = 15.0.26430.6
MinimumVisualStudioVersion = 10.0.40219.1
Project("{8BC9CEB8-8B4A-11D0-8D11-00A0C91BC942}") = "DP", "DP\DP.vcxproj", "{72381449-E92A-4757-B514-DA71C9C4A4DA}"
EndProject
Project("{8BC9CEB8-8B4A-11D0-8D11-00A0C91BC942}") = "FactoryMethod", "FactoryMethod\FactoryMethod.vcxproj", "{015711E3-D2CC-46A5-8FCB-84A7D5B8A1ED}"
EndProject
Project("{8BC9CEB8-8B4A-11D0-8D11-00A0C91BC942}") = "SimpleFactory", "SimpleFactory\SimpleFactory.vcxproj", "{4647492E-9272-4EFA-98E7-A950CC2E2581}"
EndProject
Project("{8BC9CEB8-8B4A-11D0-8D11-00A0C91BC942}") = "AbstractFactory", "AbstractFactory\AbstractFactory.vcxproj", "{1F3231CD-7791-430B-85C2-9C9DB4E12032}"
EndProject
Project("{8BC9CEB8-8B4A-11D0-8D11-00A0C91BC942}") = "Builder", "Builder\Builder.vcxproj", "{418C8D6C-DDA8-4B90-9E62-B8B4AC06EA45}"
EndProject
Project("{8BC9CEB8-8B4A-11D0-8D11-00A0C91BC942}") = "Prototype", "Prototype\Prototype.vcxproj", "{41A6BFD0-2A1F-4FAA-9EE9-710FBC0C9C24}"
EndProject
Project("{8BC9CEB8-8B4A-11D0-8D11-00A0C91BC942}") = "Singleton", "Singleton\Singleton.vcxproj", "{2675631C-C183-468C-90C7-0FA87F047A3A}"
EndProject
Project("{8BC9CEB8-8B4A-11D0-8D11-00A0C91BC942}") = "Proxy", "Proxy\Proxy.vcxproj", "{C073C117-55C1-48E7-81D7-DA400051A52D}"
EndProject
Project("{8BC9CEB8-8B4A-11D0-8D11-00A0C91BC942}") = "Decorator", "Decorator\Decorator.vcxproj", "{1D7C17D7-322E-4D3B-934F-39B4A919EB84}"
EndProject
Project("{8BC9CEB8-8B4A-11D0-8D11-00A0C91BC942}") = "Adapter", "Adapter\Adapter.vcxproj", "{A34BD42F-9FF3-4785-9C1B-A413724C0166}"
EndProject
Project("{8BC9CEB8-8B4A-11D0-8D11-00A0C91BC942}") = "Component", "Component\Component.vcxproj", "{2AEDC845-0017-4923-A2F8-FB6C4865B546}"
EndProject
Project("{8BC9CEB8-8B4A-11D0-8D11-00A0C91BC942}") = "bridge", "bridge\bridge.vcxproj", "{0CB8C389-2A1B-4B0C-B6A1-8DA05F811569}"
EndProject
Project("{8BC9CEB8-8B4A-11D0-8D11-00A0C91BC942}") = "facade", "facade\facade.vcxproj", "{41D38FB7-1C7A-427E-8A0C-4E981B6E74B6}"
EndProject
Project("{8BC9CEB8-8B4A-11D0-8D11-00A0C91BC942}") = "flyweight", "flyweight\flyweight.vcxproj", "{54C25D9F-EFDD-4BA6-AC0C-5D2364C0DFAE}"
EndProject
Project("{8BC9CEB8-8B4A-11D0-8D11-00A0C91BC942}") = "TemplateMethod", "TemplateMethod\TemplateMethod.vcxproj", "{A84A65CC-50AE-4A62-91C9-C0566C76E58D}"
EndProject
Project("{8BC9CEB8-8B4A-11D0-8D11-00A0C91BC942}") = "Command", "Command\Command.vcxproj", "{0A1674D0-3883-472A-8A6F-9E3C230324A5}"
EndProject
Project("{8BC9CEB8-8B4A-11D0-8D11-00A0C91BC942}") = "ChainOfResponsibility", "ChainOfResponsibility\ChainOfResponsibility.vcxproj", "{F5FC5A42-4267-46B8-93EC-C171D3F9B986}"
EndProject
Project("{8BC9CEB8-8B4A-11D0-8D11-00A0C91BC942}") = "Strategy", "Strategy\Strategy.vcxproj", "{5BD60470-DF37-48AE-8D6B-37244267F168}"
EndProject
Project("{8BC9CEB8-8B4A-11D0-8D11-00A0C91BC942}") = "Mediator", "Mediator\Mediator.vcxproj", "{5F98F8AC-86B6-4CCA-9E0E-86C9929E4F08}"
EndProject
Project("{8BC9CEB8-8B4A-11D0-8D11-00A0C91BC942}") = "Observer", "Observer\Observer.vcxproj", "{7FD5DEC4-8A1F-4AF7-A79B-55E8B7B18915}"
EndProject
Project("{8BC9CEB8-8B4A-11D0-8D11-00A0C91BC942}") = "Mememto", "Mememto\Mememto.vcxproj", "{5A570519-52C0-4CD1-8CF6-E96A72C49C95}"
EndProject
Project("{8BC9CEB8-8B4A-11D0-8D11-00A0C91BC942}") = "Visitor", "Visitor\Visitor.vcxproj", "{1712CC20-5CEE-4DC2-A427-084C8B318DE2}"
EndProject
Project("{8BC9CEB8-8B4A-11D0-8D11-00A0C91BC942}") = "State", "State\State.vcxproj", "{7AA096E4-0B50-412D-BBA4-BF7C4A960CE2}"
EndProject
Project("{8BC9CEB8-8B4A-11D0-8D11-00A0C91BC942}") = "Interpreter", "Interpreter\Interpreter.vcxproj", "{5FD95D2A-4402-4AFF-B6C8-C43AA5F281A8}"
EndProject
Project("{8BC9CEB8-8B4A-11D0-8D11-00A0C91BC942}") = "Iterator", "Iterator\Iterator.vcxproj", "{A0DC4572-8C40-4C16-948E-475AC4D59A4B}"
EndProject
Global
	GlobalSection(SolutionConfigurationPlatforms) = preSolution
		Debug|x64 = Debug|x64
		Debug|x86 = Debug|x86
		Release|x64 = Release|x64
		Release|x86 = Release|x86
	EndGlobalSection
	GlobalSection(ProjectConfigurationPlatforms) = postSolution
		{72381449-E92A-4757-B514-DA71C9C4A4DA}.Debug|x64.ActiveCfg = Debug|x64
		{72381449-E92A-4757-B514-DA71C9C4A4DA}.Debug|x64.Build.0 = Debug|x64
		{72381449-E92A-4757-B514-DA71C9C4A4DA}.Debug|x86.ActiveCfg = Debug|Win32
		{72381449-E92A-4757-B514-DA71C9C4A4DA}.Debug|x86.Build.0 = Debug|Win32
		{72381449-E92A-4757-B514-DA71C9C4A4DA}.Release|x64.ActiveCfg = Release|x64
		{72381449-E92A-4757-B514-DA71C9C4A4DA}.Release|x64.Build.0 = Release|x64
		{72381449-E92A-4757-B514-DA71C9C4A4DA}.Release|x86.ActiveCfg = Release|Win32
		{72381449-E92A-4757-B514-DA71C9C4A4DA}.Release|x86.Build.0 = Release|Win32
		{015711E3-D2CC-46A5-8FCB-84A7D5B8A1ED}.Debug|x64.ActiveCfg = Debug|x64
		{015711E3-D2CC-46A5-8FCB-84A7D5B8A1ED}.Debug|x64.Build.0 = Debug|x64
		{015711E3-D2CC-46A5-8FCB-84A7D5B8A1ED}.Debug|x86.ActiveCfg = Debug|Win32
		{015711E3-D2CC-46A5-8FCB-84A7D5B8A1ED}.Debug|x86.Build.0 = Debug|Win32
		{015711E3-D2CC-46A5-8FCB-84A7D5B8A1ED}.Release|x64.ActiveCfg = Release|x64
		{015711E3-D2CC-46A5-8FCB-84A7D5B8A1ED}.Release|x64.Build.0 = Release|x64
		{015711E3-D2CC-46A5-8FCB-84A7D5B8A1ED}.Release|x86.ActiveCfg = Release|Win32
		{015711E3-D2CC-46A5-8FCB-84A7D5B8A1ED}.Release|x86.Build.0 = Release|Win32
		{4647492E-9272-4EFA-98E7-A950CC2E2581}.Debug|x64.ActiveCfg = Debug|x64
		{4647492E-9272-4EFA-98E7-A950CC2E2581}.Debug|x64.Build.0 = Debug|x64
		{4647492E-9272-4EFA-98E7-A950CC2E2581}.Debug|x86.ActiveCfg = Debug|Win32
		{4647492E-9272-4EFA-98E7-A950CC2E2581}.Debug|x86.Build.0 = Debug|Win32
		{4647492E-9272-4EFA-98E7-A950CC2E2581}.Release|x64.ActiveCfg = Release|x64
		{4647492E-9272-4EFA-98E7-A950CC2E2581}.Release|x64.Build.0 = Release|x64
		{4647492E-9272-4EFA-98E7-A950CC2E2581}.Release|x86.ActiveCfg = Release|Win32
		{4647492E-9272-4EFA-98E7-A950CC2E2581}.Release|x86.Build.0 = Release|Win32
		{1F3231CD-7791-430B-85C2-9C9DB4E12032}.Debug|x64.ActiveCfg = Debug|x64
		{1F3231CD-7791-430B-85C2-9C9DB4E12032}.Debug|x64.Build.0 = Debug|x64
		{1F3231CD-7791-430B-85C2-9C9DB4E12032}.Debug|x86.ActiveCfg = Debug|Win32
		{1F3231CD-7791-430B-85C2-9C9DB4E12032}.Debug|x86.Build.0 = Debug|Win32
		{1F3231CD-7791-430B-85C2-9C9DB4E12032}.Release|x64.ActiveCfg = Release|x64
		{1F3231CD-7791-430B-85C2-9C9DB4E12032}.Release|x64.Build.0 = Release|x64
		{1F3231CD-7791-430B-85C2-9C9DB4E12032}.Release|x86.ActiveCfg = Release|Win32
		{1F3231CD-7791-430B-85C2-9C9DB4E12032}.Release|x86.Build.0 = Release|Win32
		{418C8D6C-DDA8-4B90-9E62-B8B4AC06EA45}.Debug|x64.ActiveCfg = Debug|x64
		{418C8D6C-DDA8-4B90-9E62-B8B4AC06EA45}.Debug|x64.Build.0 = Debug|x64
		{418C8D6C-DDA8-4B90-9E62-B8B4AC06EA45}.Debug|x86.ActiveCfg = Debug|Win32
		{418C8D6C-DDA8-4B90-9E62-B8B4AC06EA45}.Debug|x86.Build.0 = Debug|Win32
		{418C8D6C-DDA8-4B90-9E62-B8B4AC06EA45}.Release|x64.ActiveCfg = Release|x64
		{418C8D6C-DDA8-4B90-9E62-B8B4AC06EA45}.Release|x64.Build.0 = Release|x64
		{418C8D6C-DDA8-4B90-9E62-B8B4AC06EA45}.Release|x86.ActiveCfg = Release|Win32
		{418C8D6C-DDA8-4B90-9E62-B8B4AC06EA45}.Release|x86.Build.0 = Release|Win32
		{41A6BFD0-2A1F-4FAA-9EE9-710FBC0C9C24}.Debug|x64.ActiveCfg = Debug|x64
		{41A6BFD0-2A1F-4FAA-9EE9-710FBC0C9C24}.Debug|x64.Build.0 = Debug|x64
		{41A6BFD0-2A1F-4FAA-9EE9-710FBC0C9C24}.Debug|x86.ActiveCfg = Debug|Win32
		{41A6BFD0-2A1F-4FAA-9EE9-710FBC0C9C24}.Debug|x86.Build.0 = Debug|Win32
		{41A6BFD0-2A1F-4FAA-9EE9-710FBC0C9C24}.Release|x64.ActiveCfg = Release|x64
		{41A6BFD0-2A1F-4FAA-9EE9-710FBC0C9C24}.Release|x64.Build.0 = Release|x64
		{41A6BFD0-2A1F-4FAA-9EE9-710FBC0C9C24}.Release|x86.ActiveCfg = Release|Win32
		{41A6BFD0-2A1F-4FAA-9EE9-710FBC0C9C24}.Release|x86.Build.0 = Release|Win32
		{2675631C-C183-468C-90C7-0FA87F047A3A}.Debug|x64.ActiveCfg = Debug|x64
		{2675631C-C183-468C-90C7-0FA87F047A3A}.Debug|x64.Build.0 = Debug|x64
		{2675631C-C183-468C-90C7-0FA87F047A3A}.Debug|x86.ActiveCfg = Debug|Win32
		{2675631C-C183-468C-90C7-0FA87F047A3A}.Debug|x86.Build.0 = Debug|Win32
		{2675631C-C183-468C-90C7-0FA87F047A3A}.Release|x64.ActiveCfg = Release|x64
		{2675631C-C183-468C-90C7-0FA87F047A3A}.Release|x64.Build.0 = Release|x64
		{2675631C-C183-468C-90C7-0FA87F047A3A}.Release|x86.ActiveCfg = Release|Win32
		{2675631C-C183-468C-90C7-0FA87F047A3A}.Release|x86.Build.0 = Release|Win32
		{C073C117-55C1-48E7-81D7-DA400051A52D}.Debug|x64.ActiveCfg = Debug|x64
		{C073C117-55C1-48E7-81D7-DA400051A52D}.Debug|x64.Build.0 = Debug|x64
		{C073C117-55C1-48E7-81D7-DA400051A52D}.Debug|x86.ActiveCfg = Debug|Win32
		{C073C117-55C1-48E7-81D7-DA400051A52D}.Debug|x86.Build.0 = Debug|Win32
		{C073C117-55C1-48E7-81D7-DA400051A52D}.Release|x64.ActiveCfg = Release|x64
		{C073C117-55C1-48E7-81D7-DA400051A52D}.Release|x64.Build.0 = Release|x64
		{C073C117-55C1-48E7-81D7-DA400051A52D}.Release|x86.ActiveCfg = Release|Win32
		{C073C117-55C1-48E7-81D7-DA400051A52D}.Release|x86.Build.0 = Release|Win32
		{1D7C17D7-322E-4D3B-934F-39B4A919EB84}.Debug|x64.ActiveCfg = Debug|x64
		{1D7C17D7-322E-4D3B-934F-39B4A919EB84}.Debug|x64.Build.0 = Debug|x64
		{1D7C17D7-322E-4D3B-934F-39B4A919EB84}.Debug|x86.ActiveCfg = Debug|Win32
		{1D7C17D7-322E-4D3B-934F-39B4A919EB84}.Debug|x86.Build.0 = Debug|Win32
		{1D7C17D7-322E-4D3B-934F-39B4A919EB84}.Release|x64.ActiveCfg = Release|x64
		{1D7C17D7-322E-4D3B-934F-39B4A919EB84}.Release|x64.Build.0 = Release|x64
		{1D7C17D7-322E-4D3B-934F-39B4A919EB84}.Release|x86.ActiveCfg = Release|Win32
		{1D7C17D7-322E-4D3B-934F-39B4A919EB84}.Release|x86.Build.0 = Release|Win32
		{A34BD42F-9FF3-4785-9C1B-A413724C0166}.Debug|x64.ActiveCfg = Debug|x64
		{A34BD42F-9FF3-4785-9C1B-A413724C0166}.Debug|x64.Build.0 = Debug|x64
		{A34BD42F-9FF3-4785-9C1B-A413724C0166}.Debug|x86.ActiveCfg = Debug|Win32
		{A34BD42F-9FF3-4785-9C1B-A413724C0166}.Debug|x86.Build.0 = Debug|Win32
		{A34BD42F-9FF3-4785-9C1B-A413724C0166}.Release|x64.ActiveCfg = Release|x64
		{A34BD42F-9FF3-4785-9C1B-A413724C0166}.Release|x64.Build.0 = Release|x64
		{A34BD42F-9FF3-4785-9C1B-A413724C0166}.Release|x86.ActiveCfg = Release|Win32
		{A34BD42F-9FF3-4785-9C1B-A413724C0166}.Release|x86.Build.0 = Release|Win32
		{2AEDC845-0017-4923-A2F8-FB6C4865B546}.Debug|x64.ActiveCfg = Debug|x64
		{2AEDC845-0017-4923-A2F8-FB6C4865B546}.Debug|x64.Build.0 = Debug|x64
		{2AEDC845-0017-4923-A2F8-FB6C4865B546}.Debug|x86.ActiveCfg = Debug|Win32
		{2AEDC845-0017-4923-A2F8-FB6C4865B546}.Debug|x86.Build.0 = Debug|Win32
		{2AEDC845-0017-4923-A2F8-FB6C4865B546}.Release|x64.ActiveCfg = Release|x64
		{2AEDC845-0017-4923-A2F8-FB6C4865B546}.Release|x64.Build.0 = Release|x64
		{2AEDC845-0017-4923-A2F8-FB6C4865B546}.Release|x86.ActiveCfg = Release|Win32
		{2AEDC845-0017-4923-A2F8-FB6C4865B546}.Release|x86.Build.0 = Release|Win32
		{0CB8C389-2A1B-4B0C-B6A1-8DA05F811569}.Debug|x64.ActiveCfg = Debug|x64
		{0CB8C389-2A1B-4B0C-B6A1-8DA05F811569}.Debug|x64.Build.0 = Debug|x64
		{0CB8C389-2A1B-4B0C-B6A1-8DA05F811569}.Debug|x86.ActiveCfg = Debug|Win32
		{0CB8C389-2A1B-4B0C-B6A1-8DA05F811569}.Debug|x86.Build.0 = Debug|Win32
		{0CB8C389-2A1B-4B0C-B6A1-8DA05F811569}.Release|x64.ActiveCfg = Release|x64
		{0CB8C389-2A1B-4B0C-B6A1-8DA05F811569}.Release|x64.Build.0 = Release|x64
		{0CB8C389-2A1B-4B0C-B6A1-8DA05F811569}.Release|x86.ActiveCfg = Release|Win32
		{0CB8C389-2A1B-4B0C-B6A1-8DA05F811569}.Release|x86.Build.0 = Release|Win32
		{41D38FB7-1C7A-427E-8A0C-4E981B6E74B6}.Debug|x64.ActiveCfg = Debug|x64
		{41D38FB7-1C7A-427E-8A0C-4E981B6E74B6}.Debug|x64.Build.0 = Debug|x64
		{41D38FB7-1C7A-427E-8A0C-4E981B6E74B6}.Debug|x86.ActiveCfg = Debug|Win32
		{41D38FB7-1C7A-427E-8A0C-4E981B6E74B6}.Debug|x86.Build.0 = Debug|Win32
		{41D38FB7-1C7A-427E-8A0C-4E981B6E74B6}.Release|x64.ActiveCfg = Release|x64
		{41D38FB7-1C7A-427E-8A0C-4E981B6E74B6}.Release|x64.Build.0 = Release|x64
		{41D38FB7-1C7A-427E-8A0C-4E981B6E74B6}.Release|x86.ActiveCfg = Release|Win32
		{41D38FB7-1C7A-427E-8A0C-4E981B6E74B6}.Release|x86.Build.0 = Release|Win32
		{54C25D9F-EFDD-4BA6-AC0C-5D2364C0DFAE}.Debug|x64.ActiveCfg = Debug|x64
		{54C25D9F-EFDD-4BA6-AC0C-5D2364C0DFAE}.Debug|x64.Build.0 = Debug|x64
		{54C25D9F-EFDD-4BA6-AC0C-5D2364C0DFAE}.Debug|x86.ActiveCfg = Debug|Win32
		{54C25D9F-EFDD-4BA6-AC0C-5D2364C0DFAE}.Debug|x86.Build.0 = Debug|Win32
		{54C25D9F-EFDD-4BA6-AC0C-5D2364C0DFAE}.Release|x64.ActiveCfg = Release|x64
		{54C25D9F-EFDD-4BA6-AC0C-5D2364C0DFAE}.Release|x64.Build.0 = Release|x64
		{54C25D9F-EFDD-4BA6-AC0C-5D2364C0DFAE}.Release|x86.ActiveCfg = Release|Win32
		{54C25D9F-EFDD-4BA6-AC0C-5D2364C0DFAE}.Release|x86.Build.0 = Release|Win32
		{A84A65CC-50AE-4A62-91C9-C0566C76E58D}.Debug|x64.ActiveCfg = Debug|x64
		{A84A65CC-50AE-4A62-91C9-C0566C76E58D}.Debug|x64.Build.0 = Debug|x64
		{A84A65CC-50AE-4A62-91C9-C0566C76E58D}.Debug|x86.ActiveCfg = Debug|Win32
		{A84A65CC-50AE-4A62-91C9-C0566C76E58D}.Debug|x86.Build.0 = Debug|Win32
		{A84A65CC-50AE-4A62-91C9-C0566C76E58D}.Release|x64.ActiveCfg = Release|x64
		{A84A65CC-50AE-4A62-91C9-C0566C76E58D}.Release|x64.Build.0 = Release|x64
		{A84A65CC-50AE-4A62-91C9-C0566C76E58D}.Release|x86.ActiveCfg = Release|Win32
		{A84A65CC-50AE-4A62-91C9-C0566C76E58D}.Release|x86.Build.0 = Release|Win32
		{0A1674D0-3883-472A-8A6F-9E3C230324A5}.Debug|x64.ActiveCfg = Debug|x64
		{0A1674D0-3883-472A-8A6F-9E3C230324A5}.Debug|x64.Build.0 = Debug|x64
		{0A1674D0-3883-472A-8A6F-9E3C230324A5}.Debug|x86.ActiveCfg = Debug|Win32
		{0A1674D0-3883-472A-8A6F-9E3C230324A5}.Debug|x86.Build.0 = Debug|Win32
		{0A1674D0-3883-472A-8A6F-9E3C230324A5}.Release|x64.ActiveCfg = Release|x64
		{0A1674D0-3883-472A-8A6F-9E3C230324A5}.Release|x64.Build.0 = Release|x64
		{0A1674D0-3883-472A-8A6F-9E3C230324A5}.Release|x86.ActiveCfg = Release|Win32
		{0A1674D0-3883-472A-8A6F-9E3C230324A5}.Release|x86.Build.0 = Release|Win32
		{F5FC5A42-4267-46B8-93EC-C171D3F9B986}.Debug|x64.ActiveCfg = Debug|x64
		{F5FC5A42-4267-46B8-93EC-C171D3F9B986}.Debug|x64.Build.0 = Debug|x64
		{F5FC5A42-4267-46B8-93EC-C171D3F9B986}.Debug|x86.ActiveCfg = Debug|Win32
		{F5FC5A42-4267-46B8-93EC-C171D3F9B986}.Debug|x86.Build.0 = Debug|Win32
		{F5FC5A42-4267-46B8-93EC-C171D3F9B986}.Release|x64.ActiveCfg = Release|x64
		{F5FC5A42-4267-46B8-93EC-C171D3F9B986}.Release|x64.Build.0 = Release|x64
		{F5FC5A42-4267-46B8-93EC-C171D3F9B986}.Release|x86.ActiveCfg = Release|Win32
		{F5FC5A42-4267-46B8-93EC-C171D3F9B986}.Release|x86.Build.0 = Release|Win32
		{5BD60470-DF37-48AE-8D6B-37244267F168}.Debug|x64.ActiveCfg = Debug|x64
		{5BD60470-DF37-48AE-8D6B-37244267F168}.Debug|x64.Build.0 = Debug|x64
		{5BD60470-DF37-48AE-8D6B-37244267F168}.Debug|x86.ActiveCfg = Debug|Win32
		{5BD60470-DF37-48AE-8D6B-37244267F168}.Debug|x86.Build.0 = Debug|Win32
		{5BD60470-DF37-48AE-8D6B-37244267F168}.Release|x64.ActiveCfg = Release|x64
		{5BD60470-DF37-48AE-8D6B-37244267F168}.Release|x64.Build.0 = Release|x64
		{5BD60470-DF37-48AE-8D6B-37244267F168}.Release|x86.ActiveCfg = Release|Win32
		{5BD60470-DF37-48AE-8D6B-37244267F168}.Release|x86.Build.0 = Release|Win32
		{5F98F8AC-86B6-4CCA-9E0E-86C9929E4F08}.Debug|x64.ActiveCfg = Debug|x64
		{5F98F8AC-86B6-4CCA-9E0E-86C9929E4F08}.Debug|x64.Build.0 = Debug|x64
		{5F98F8AC-86B6-4CCA-9E0E-86C9929E4F08}.Debug|x86.ActiveCfg = Debug|Win32
		{5F98F8AC-86B6-4CCA-9E0E-86C9929E4F08}.Debug|x86.Build.0 = Debug|Win32
		{5F98F8AC-86B6-4CCA-9E0E-86C9929E4F08}.Release|x64.ActiveCfg = Release|x64
		{5F98F8AC-86B6-4CCA-9E0E-86C9929E4F08}.Release|x64.Build.0 = Release|x64
		{5F98F8AC-86B6-4CCA-9E0E-86C9929E4F08}.Release|x86.ActiveCfg = Release|Win32
		{5F98F8AC-86B6-4CCA-9E0E-86C9929E4F08}.Release|x86.Build.0 = Release|Win32
		{7FD5DEC4-8A1F-4AF7-A79B-55E8B7B18915}.Debug|x64.ActiveCfg = Debug|x64
		{7FD5DEC4-8A1F-4AF7-A79B-55E8B7B18915}.Debug|x64.Build.0 = Debug|x64
		{7FD5DEC4-8A1F-4AF7-A79B-55E8B7B18915}.Debug|x86.ActiveCfg = Debug|Win32
		{7FD5DEC4-8A1F-4AF7-A79B-55E8B7B18915}.Debug|x86.Build.0 = Debug|Win32
		{7FD5DEC4-8A1F-4AF7-A79B-55E8B7B18915}.Release|x64.ActiveCfg = Release|x64
		{7FD5DEC4-8A1F-4AF7-A79B-55E8B7B18915}.Release|x64.Build.0 = Release|x64
		{7FD5DEC4-8A1F-4AF7-A79B-55E8B7B18915}.Release|x86.ActiveCfg = Release|Win32
		{7FD5DEC4-8A1F-4AF7-A79B-55E8B7B18915}.Release|x86.Build.0 = Release|Win32
		{5A570519-52C0-4CD1-8CF6-E96A72C49C95}.Debug|x64.ActiveCfg = Debug|x64
		{5A570519-52C0-4CD1-8CF6-E96A72C49C95}.Debug|x64.Build.0 = Debug|x64
		{5A570519-52C0-4CD1-8CF6-E96A72C49C95}.Debug|x86.ActiveCfg = Debug|Win32
		{5A570519-52C0-4CD1-8CF6-E96A72C49C95}.Debug|x86.Build.0 = Debug|Win32
		{5A570519-52C0-4CD1-8CF6-E96A72C49C95}.Release|x64.ActiveCfg = Release|x64
		{5A570519-52C0-4CD1-8CF6-E96A72C49C95}.Release|x64.Build.0 = Release|x64
		{5A570519-52C0-4CD1-8CF6-E96A72C49C95}.Release|x86.ActiveCfg = Release|Win32
		{5A570519-52C0-4CD1-8CF6-E96A72C49C95}.Release|x86.Build.0 = Release|Win32
		{1712CC20-5CEE-4DC2-A427-084C8B318DE2}.Debug|x64.ActiveCfg = Debug|x64
		{1712CC20-5CEE-4DC2-A427-084C8B318DE2}.Debug|x64.Build.0 = Debug|x64
		{1712CC20-5CEE-4DC2-A427-084C8B318DE2}.Debug|x86.ActiveCfg = Debug|Win32
		{1712CC20-5CEE-4DC2-A427-084C8B318DE2}.Debug|x86.Build.0 = Debug|Win32
		{1712CC20-5CEE-4DC2-A427-084C8B318DE2}.Release|x64.ActiveCfg = Release|x64
		{1712CC20-5CEE-4DC2-A427-084C8B318DE2}.Release|x64.Build.0 = Release|x64
		{1712CC20-5CEE-4DC2-A427-084C8B318DE2}.Release|x86.ActiveCfg = Release|Win32
		{1712CC20-5CEE-4DC2-A427-084C8B318DE2}.Release|x86.Build.0 = Release|Win32
		{7AA096E4-0B50-412D-BBA4-BF7C4A960CE2}.Debug|x64.ActiveCfg = Debug|x64
		{7AA096E4-0B50-412D-BBA4-BF7C4A960CE2}.Debug|x64.Build.0 = Debug|x64
		{7AA096E4-0B50-412D-BBA4-BF7C4A960CE2}.Debug|x86.ActiveCfg = Debug|Win32
		{7AA096E4-0B50-412D-BBA4-BF7C4A960CE2}.Debug|x86.Build.0 = Debug|Win32
		{7AA096E4-0B50-412D-BBA4-BF7C4A960CE2}.Release|x64.ActiveCfg = Release|x64
		{7AA096E4-0B50-412D-BBA4-BF7C4A960CE2}.Release|x64.Build.0 = Release|x64
		{7AA096E4-0B50-412D-BBA4-BF7C4A960CE2}.Release|x86.ActiveCfg = Release|Win32
		{7AA096E4-0B50-412D-BBA4-BF7C4A960CE2}.Release|x86.Build.0 = Release|Win32
		{5FD95D2A-4402-4AFF-B6C8-C43AA5F281A8}.Debug|x64.ActiveCfg = Debug|x64
		{5FD95D2A-4402-4AFF-B6C8-C43AA5F281A8}.Debug|x64.Build.0 = Debug|x64
		{5FD95D2A-4402-4AFF-B6C8-C43AA5F281A8}.Debug|x86.ActiveCfg = Debug|Win32
		{5FD95D2A-4402-4AFF-B6C8-C43AA5F281A8}.Debug|x86.Build.0 = Debug|Win32
		{5FD95D2A-4402-4AFF-B6C8-C43AA5F281A8}.Release|x64.ActiveCfg = Release|x64
		{5FD95D2A-4402-4AFF-B6C8-C43AA5F281A8}.Release|x64.Build.0 = Release|x64
		{5FD95D2A-4402-4AFF-B6C8-C43AA5F281A8}.Release|x86.ActiveCfg = Release|Win32
		{5FD95D2A-4402-4AFF-B6C8-C43AA5F281A8}.Release|x86.Build.0 = Release|Win32
		{A0DC4572-8C40-4C16-948E-475AC4D59A4B}.Debug|x64.ActiveCfg = Debug|x64
		{A0DC4572-8C40-4C16-948E-475AC4D59A4B}.Debug|x64.Build.0 = Debug|x64
		{A0DC4572-8C40-4C16-948E-475AC4D59A4B}.Debug|x86.ActiveCfg = Debug|Win32
		{A0DC4572-8C40-4C16-948E-475AC4D59A4B}.Debug|x86.Build.0 = Debug|Win32
		{A0DC4572-8C40-4C16-948E-475AC4D59A4B}.Release|x64.ActiveCfg = Release|x64
		{A0DC4572-8C40-4C16-948E-475AC4D59A4B}.Release|x64.Build.0 = Release|x64
		{A0DC4572-8C40-4C16-948E-475AC4D59A4B}.Release|x86.ActiveCfg = Release|Win32
		{A0DC4572-8C40-4C16-948E-475AC4D59A4B}.Release|x86.Build.0 = Release|Win32
	EndGlobalSection
	GlobalSection(SolutionProperties) = preSolution
		HideSolutionNode = FALSE
	EndGlobalSection
EndGlobal
